{
    "name": "factorio-must-fall-tooling",
    "lockfileVersion": 3,
    "requires": true,
    "packages": {
        "": {
            "name": "factorio-must-fall-tooling",
            "devDependencies": {
                "factoriomod-debug": "^2.0.14"
            }
        },
        "node_modules/factoriomod-debug": {
            "version": "2.0.14",
            "resolved": "https://registry.npmjs.org/factoriomod-debug/-/factoriomod-debug-2.0.14.tgz",
            "integrity": "sha512-Hd1YmY9MPywPckYAoqrF2flYT2upCXWUBwnaHdZalsyV9EitILz43LJy5y60aZsYuB9MFBJCdSSsDYHh9DcBrw==",
            "dev": true,
            "bin": {
                "factoriomod-debug": "dist/fmtk-cli.js",
                "fmtk": "dist/fmtk-cli.js"
            },
            "engines": {
                "node": ">=22.7.0",
                "vscode": "^1.116.0"
            }
        }
    }
}
